{
  "name": "manga-media-remotion",
  "lockfileVersion": 3,
  "requires": true,
  "packages": {
    "": {
      "name": "manga-media-remotion",
      "workspaces": [
        "packages/*"
      ]
    },
    "node_modules/@manga/schema": {
      "resolved": "packages/schema",
      "link": true
    },
    "node_modules/zod": {
      "version": "4.2.1",
      "resolved": "https://registry.npmmirror.com/zod/-/zod-4.2.1.tgz",
      "integrity": "sha512-0wZ1IRqGGhMP76gLqz8EyfBXKk0J2qo2+H3fi4mcUP/KtTocoX08nmIAHl1Z2kJIZbZee8KOpBCSNPRgauucjw==",
      "license": "MIT",
      "funding": {
        "url": "https://github.com/sponsors/colinhacks"
      }
    },
    "packages/schema": {
      "name": "@manga/schema",
      "version": "0.1.0",
      "dependencies": {
        "zod": "^4.1.11"
      }
    }
  }
}
